// !$*UTF8*$!
{
	archiveVersion = 1;
	classes = {
	};
	objectVersion = 50;
	objects = {

/* Begin PBXBuildFile section */
		A4FA76C222AF3F2F00FBF297 /* AppDelegate.swift in Sources */ = {isa = PBXBuildFile; fileRef = A4FA76C122AF3F2F00FBF297 /* AppDelegate.swift */; };
		A4FA76C422AF3F2F00FBF297 /* GameScene.sks in Resources */ = {isa = PBXBuildFile; fileRef = A4FA76C322AF3F2F00FBF297 /* GameScene.sks */; };
		A4FA76C622AF3F2F00FBF297 /* Actions.sks in Resources */ = {isa = PBXBuildFile; fileRef = A4FA76C522AF3F2F00FBF297 /* Actions.sks */; };
		A4FA76C822AF3F2F00FBF297 /* GameScene.swift in Sources */ = {isa = PBXBuildFile; fileRef = A4FA76C722AF3F2F00FBF297 /* GameScene.swift */; };
		A4FA76CA22AF3F2F00FBF297 /* GameViewController.swift in Sources */ = {isa = PBXBuildFile; fileRef = A4FA76C922AF3F2F00FBF297 /* GameViewController.swift */; };
		A4FA76CD22AF3F2F00FBF297 /* Main.storyboard in Resources */ = {isa = PBXBuildFile; fileRef = A4FA76CB22AF3F2F00FBF297 /* Main.storyboard */; };
		A4FA76CF22AF3F3200FBF297 /* Assets.xcassets in Resources */ = {isa = PBXBuildFile; fileRef = A4FA76CE22AF3F3200FBF297 /* Assets.xcassets */; };
		A4FA76D222AF3F3300FBF297 /* LaunchScreen.storyboard in Resources */ = {isa = PBXBuildFile; fileRef = A4FA76D022AF3F3300FBF297 /* LaunchScreen.storyboard */; };
		A4FA76E022B16E2900FBF297 /* PlanetHandler.swift in Sources */ = {isa = PBXBuildFile; fileRef = A4FA76DF22B16E2900FBF297 /* PlanetHandler.swift */; };
		A4FA76E222B16E6A00FBF297 /* Planet.swift in Sources */ = {isa = PBXBuildFile; fileRef = A4FA76E122B16E6A00FBF297 /* Planet.swift */; };
		A4FA76E422B414A800FBF297 /* MapViewContoller.swift in Sources */ = {isa = PBXBuildFile; fileRef = A4FA76E322B414A800FBF297 /* MapViewContoller.swift */; };
		A4FA76E622B499CF00FBF297 /* WarpLine.sks in Resources */ = {isa = PBXBuildFile; fileRef = A4FA76E522B499CF00FBF297 /* WarpLine.sks */; };
/* End PBXBuildFile section */

/* Begin PBXFileReference section */
		A4FA76BE22AF3F2F00FBF297 /* SpaceClicker.app */ = {isa = PBXFileReference; explicitFileType = wrapper.application; includeInIndex = 0; path = SpaceClicker.app; sourceTree = BUILT_PRODUCTS_DIR; };
		A4FA76C122AF3F2F00FBF297 /* AppDelegate.swift */ = {isa = PBXFileReference; lastKnownFileType = sourcecode.swift; path = AppDelegate.swift; sourceTree = "<group>"; };
		A4FA76C322AF3F2F00FBF297 /* GameScene.sks */ = {isa = PBXFileReference; lastKnownFileType = file.sks; path = GameScene.sks; sourceTree = "<group>"; };
		A4FA76C522AF3F2F00FBF297 /* Actions.sks */ = {isa = PBXFileReference; lastKnownFileType = file.sks; path = Actions.sks; sourceTree = "<group>"; };
		A4FA76C722AF3F2F00FBF297 /* GameScene.swift */ = {isa = PBXFileReference; lastKnownFileType = sourcecode.swift; path = GameScene.swift; sourceTree = "<group>"; };
		A4FA76C922AF3F2F00FBF297 /* GameViewController.swift */ = {isa = PBXFileReference; lastKnownFileType = sourcecode.swift; path = GameViewController.swift; sourceTree = "<group>"; };
		A4FA76CC22AF3F2F00FBF297 /* Base */ = {isa = PBXFileReference; lastKnownFileType = file.storyboard; name = Base; path = Base.lproj/Main.storyboard; sourceTree = "<group>"; };
		A4FA76CE22AF3F3200FBF297 /* Assets.xcassets */ = {isa = PBXFileReference; lastKnownFileType = folder.assetcatalog; path = Assets.xcassets; sourceTree = "<group>"; };
		A4FA76D122AF3F3300FBF297 /* Base */ = {isa = PBXFileReference; lastKnownFileType = file.storyboard; name = Base; path = Base.lproj/LaunchScreen.storyboard; sourceTree = "<group>"; };
		A4FA76D322AF3F3300FBF297 /* Info.plist */ = {isa = PBXFileReference; lastKnownFileType = text.plist.xml; path = Info.plist; sourceTree = "<group>"; };
		A4FA76DF22B16E2900FBF297 /* PlanetHandler.swift */ = {isa = PBXFileReference; lastKnownFileType = sourcecode.swift; path = PlanetHandler.swift; sourceTree = "<group>"; };
		A4FA76E122B16E6A00FBF297 /* Planet.swift */ = {isa = PBXFileReference; lastKnownFileType = sourcecode.swift; path = Planet.swift; sourceTree = "<group>"; };
		A4FA76E322B414A800FBF297 /* MapViewContoller.swift */ = {isa = PBXFileReference; lastKnownFileType = sourcecode.swift; path = MapViewContoller.swift; sourceTree = "<group>"; };
		A4FA76E522B499CF00FBF297 /* WarpLine.sks */ = {isa = PBXFileReference; lastKnownFileType = file.sks; path = WarpLine.sks; sourceTree = "<group>"; };
/* End PBXFileReference section */

/* Begin PBXFrameworksBuildPhase section */
		A4FA76BB22AF3F2F00FBF297 /* Frameworks */ = {
			isa = PBXFrameworksBuildPhase;
			buildActionMask = 2147483647;
			files = (
			);
			runOnlyForDeploymentPostprocessing = 0;
		};
/* End PBXFrameworksBuildPhase section */

/* Begin PBXGroup section */
		A4FA76B522AF3F2F00FBF297 = {
			isa = PBXGroup;
			children = (
				A4FA76C022AF3F2F00FBF297 /* SpaceClicker */,
				A4FA76BF22AF3F2F00FBF297 /* Products */,
			);
			sourceTree = "<group>";
		};
		A4FA76BF22AF3F2F00FBF297 /* Products */ = {
			isa = PBXGroup;
			children = (
				A4FA76BE22AF3F2F00FBF297 /* SpaceClicker.app */,
			);
			name = Products;
			sourceTree = "<group>";
		};
		A4FA76C022AF3F2F00FBF297 /* SpaceClicker */ = {
			isa = PBXGroup;
			children = (
				A4FA76C122AF3F2F00FBF297 /* AppDelegate.swift */,
				A4FA76C322AF3F2F00FBF297 /* GameScene.sks */,
				A4FA76C522AF3F2F00FBF297 /* Actions.sks */,
				A4FA76C722AF3F2F00FBF297 /* GameScene.swift */,
				A4FA76E322B414A800FBF297 /* MapViewContoller.swift */,
				A4FA76C922AF3F2F00FBF297 /* GameViewController.swift */,
				A4FA76CB22AF3F2F00FBF297 /* Main.storyboard */,
				A4FA76CE22AF3F3200FBF297 /* Assets.xcassets */,
				A4FA76D022AF3F3300FBF297 /* LaunchScreen.storyboard */,
				A4FA76D322AF3F3300FBF297 /* Info.plist */,
				A4FA76DF22B16E2900FBF297 /* PlanetHandler.swift */,
				A4FA76E122B16E6A00FBF297 /* Planet.swift */,
				A4FA76E522B499CF00FBF297 /* WarpLine.sks */,
			);
			path = SpaceClicker;
			sourceTree = "<group>";
		};
/* End PBXGroup section */

/* Begin PBXNativeTarget section */
		A4FA76BD22AF3F2F00FBF297 /* SpaceClicker */ = {
			isa = PBXNativeTarget;
			buildConfigurationList = A4FA76D622AF3F3300FBF297 /* Build configuration list for PBXNativeTarget "SpaceClicker" */;
			buildPhases = (
				A4FA76BA22AF3F2F00FBF297 /* Sources */,
				A4FA76BB22AF3F2F00FBF297 /* Frameworks */,
				A4FA76BC22AF3F2F00FBF297 /* Resources */,
			);
			buildRules = (
			);
			dependencies = (
			);
			name = SpaceClicker;
			productName = SpaceClicker;
			productReference = A4FA76BE22AF3F2F00FBF297 /* SpaceClicker.app */;
			productType = "com.apple.product-type.application";
		};
/* End PBXNativeTarget section */

/* Begin PBXProject section */
		A4FA76B622AF3F2F00FBF297 /* Project object */ = {
			isa = PBXProject;
			attributes = {
				LastSwiftUpdateCheck = 1020;
				LastUpgradeCheck = 1020;
				ORGANIZATIONNAME = iMacAndrew;
				TargetAttributes = {
					A4FA76BD22AF3F2F00FBF297 = {
						CreatedOnToolsVersion = 10.2.1;
					};
				};
			};
			buildConfigurationList = A4FA76B922AF3F2F00FBF297 /* Build configuration list for PBXProject "SpaceClicker" */;
			compatibilityVersion = "Xcode 9.3";
			developmentRegion = en;
			hasScannedForEncodings = 0;
			knownRegions = (
				en,
				Base,
			);
			mainGroup = A4FA76B522AF3F2F00FBF297;
			productRefGroup = A4FA76BF22AF3F2F00FBF297 /* Products */;
			projectDirPath = "";
			projectRoot = "";
			targets = (
				A4FA76BD22AF3F2F00FBF297 /* SpaceClicker */,
			);
		};
/* End PBXProject section */

/* Begin PBXResourcesBuildPhase section */
		A4FA76BC22AF3F2F00FBF297 /* Resources */ = {
			isa = PBXResourcesBuildPhase;
			buildActionMask = 2147483647;
			files = (
				A4FA76CD22AF3F2F00FBF297 /* Main.storyboard in Resources */,
				A4FA76C422AF3F2F00FBF297 /* GameScene.sks in Resources */,
				A4FA76CF22AF3F3200FBF297 /* Assets.xcassets in Resources */,
				A4FA76E622B499CF00FBF297 /* WarpLine.sks in Resources */,
				A4FA76D222AF3F3300FBF297 /* LaunchScreen.storyboard in Resources */,
				A4FA76C622AF3F2F00FBF297 /* Actions.sks in Resources */,
			);
			runOnlyForDeploymentPostprocessing = 0;
		};
/* End PBXResourcesBuildPhase section */

/* Begin PBXSourcesBuildPhase section */
		A4FA76BA22AF3F2F00FBF297 /* Sources */ = {
			isa = PBXSourcesBuildPhase;
			buildActionMask = 2147483647;
			files = (
				A4FA76C822AF3F2F00FBF297 /* GameScene.swift in Sources */,
				A4FA76E022B16E2900FBF297 /* PlanetHandler.swift in Sources */,
				A4FA76CA22AF3F2F00FBF297 /* GameViewController.swift in Sources */,
				A4FA76E422B414A800FBF297 /* MapViewContoller.swift in Sources */,
				A4FA76E222B16E6A00FBF297 /* Planet.swift in Sources */,
				A4FA76C222AF3F2F00FBF297 /* AppDelegate.swift in Sources */,
			);
			runOnlyForDeploymentPostprocessing = 0;
		};
/* End PBXSourcesBuildPhase section */

/* Begin PBXVariantGroup section */
		A4FA76CB22AF3F2F00FBF297 /* Main.storyboard */ = {
			isa = PBXVariantGroup;
			children = (
				A4FA76CC22AF3F2F00FBF297 /* Base */,
			);
			name = Main.storyboard;
			sourceTree = "<group>";
		};
		A4FA76D022AF3F3300FBF297 /* LaunchScreen.storyboard */ = {
			isa = PBXVariantGroup;
			children = (
				A4FA76D122AF3F3300FBF297 /* Base */,
			);
			name = LaunchScreen.storyboard;
			sourceTree = "<group>";
		};
/* End PBXVariantGroup section */

/* Begin XCBuildConfiguration section */
		A4FA76D422AF3F3300FBF297 /* Debug */ = {
			isa = XCBuildConfiguration;
			buildSettings = {
				ALWAYS_SEARCH_USER_PATHS = NO;
				CLANG_ANALYZER_NONNULL = YES;
				CLANG_ANALYZER_NUMBER_OBJECT_CONVERSION = YES_AGGRESSIVE;
				CLANG_CXX_LANGUAGE_STANDARD = "gnu++14";
				CLANG_CXX_LIBRARY = "libc++";
				CLANG_ENABLE_MODULES = YES;
				CLANG_ENABLE_OBJC_ARC = YES;
				CLANG_ENABLE_OBJC_WEAK = YES;
				CLANG_WARN_BLOCK_CAPTURE_AUTORELEASING = YES;
				CLANG_WARN_BOOL_CONVERSION = YES;
				CLANG_WARN_COMMA = YES;
				CLANG_WARN_CONSTANT_CONVERSION = YES;
				CLANG_WARN_DEPRECATED_OBJC_IMPLEMENTATIONS = YES;
				CLANG_WARN_DIRECT_OBJC_ISA_USAGE = YES_ERROR;
				CLANG_WARN_DOCUMENTATION_COMMENTS = YES;
				CLANG_WARN_EMPTY_BODY = YES;
				CLANG_WARN_ENUM_CONVERSION = YES;
				CLANG_WARN_INFINITE_RECURSION = YES;
				CLANG_WARN_INT_CONVERSION = YES;
				CLANG_WARN_NON_LITERAL_NULL_CONVERSION = YES;
				CLANG_WARN_OBJC_IMPLICIT_RETAIN_SELF = YES;
				CLANG_WARN_OBJC_LITERAL_CONVERSION = YES;
				CLANG_WARN_OBJC_ROOT_CLASS = YES_ERROR;
				CLANG_WARN_RANGE_LOOP_ANALYSIS = YES;
				CLANG_WARN_STRICT_PROTOTYPES = YES;
				CLANG_WARN_SUSPICIOUS_MOVE = YES;
				CLANG_WARN_UNGUARDED_AVAILABILITY = YES_AGGRESSIVE;
				CLANG_WARN_UNREACHABLE_CODE = YES;
				CLANG_WARN__DUPLICATE_METHOD_MATCH = YES;
				CODE_SIGN_IDENTITY = "iPhone Developer";
				COPY_PHASE_STRIP = NO;
				DEBUG_INFORMATION_FORMAT = dwarf;
				ENABLE_STRICT_OBJC_MSGSEND = YES;
				ENABLE_TESTABILITY = YES;
				GCC_C_LANGUAGE_STANDARD = gnu11;
				GCC_DYNAMIC_NO_PIC = NO;
				GCC_NO_COMMON_BLOCKS = YES;
				GCC_OPTIMIZATION_LEVEL = 0;
				GCC_PREPROCESSOR_DEFINITIONS = (
					"DEBUG=1",
					"$(inherited)",
				);
				GCC_WARN_64_TO_32_BIT_CONVERSION = YES;
				GCC_WARN_ABOUT_RETURN_TYPE = YES_ERROR;
				GCC_WARN_UNDECLARED_SELECTOR = YES;
				GCC_WARN_UNINITIALIZED_AUTOS = YES_AGGRESSIVE;
				GCC_WARN_UNUSED_FUNCTION = YES;
				GCC_WARN_UNUSED_VARIABLE = YES;
				IPHONEOS_DEPLOYMENT_TARGET = 12.2;
				MTL_ENABLE_DEBUG_INFO = INCLUDE_SOURCE;
				MTL_FAST_MATH = YES;
				ONLY_ACTIVE_ARCH = YES;
				SDKROOT = iphoneos;
				SWIFT_ACTIVE_COMPILATION_CONDITIONS = DEBUG;
				SWIFT_OPTIMIZATION_LEVEL = "-Onone";
			};
			name = Debug;
		};
		A4FA76D522AF3F3300FBF297 /* Release */ = {
			isa = XCBuildConfiguration;
			buildSettings = {
				ALWAYS_SEARCH_USER_PATHS = NO;
				CLANG_ANALYZER_NONNULL = YES;
				CLANG_ANALYZER_NUMBER_OBJECT_CONVERSION = YES_AGGRESSIVE;
				CLANG_CXX_LANGUAGE_STANDARD = "gnu++14";
				CLANG_CXX_LIBRARY = "libc++";
				CLANG_ENABLE_MODULES = YES;
				CLANG_ENABLE_OBJC_ARC = YES;
				CLANG_ENABLE_OBJC_WEAK = YES;
				CLANG_WARN_BLOCK_CAPTURE_AUTORELEASING = YES;
				CLANG_WARN_BOOL_CONVERSION = YES;
				CLANG_WARN_COMMA = YES;
				CLANG_WARN_CONSTANT_CONVERSION = YES;
				CLANG_WARN_DEPRECATED_OBJC_IMPLEMENTATIONS = YES;
				CLANG_WARN_DIRECT_OBJC_ISA_USAGE = YES_ERROR;
				CLANG_WARN_DOCUMENTATION_COMMENTS = YES;
				CLANG_WARN_EMPTY_BODY = YES;
				CLANG_WARN_ENUM_CONVERSION = YES;
				CLANG_WARN_INFINITE_RECURSION = YES;
				CLANG_WARN_INT_CONVERSION = YES;
				CLANG_WARN_NON_LITERAL_NULL_CONVERSION = YES;
				CLANG_WARN_OBJC_IMPLICIT_RETAIN_SELF = YES;
				CLANG_WARN_OBJC_LITERAL_CONVERSION = YES;
				CLANG_WARN_OBJC_ROOT_CLASS = YES_ERROR;
				CLANG_WARN_RANGE_LOOP_ANALYSIS = YES;
				CLANG_WARN_STRICT_PROTOTYPES = YES;
				CLANG_WARN_SUSPICIOUS_MOVE = YES;
				CLANG_WARN_UNGUARDED_AVAILABILITY = YES_AGGRESSIVE;
				CLANG_WARN_UNREACHABLE_CODE = YES;
				CLANG_WARN__DUPLICATE_METHOD_MATCH = YES;
				CODE_SIGN_IDENTITY = "iPhone Developer";
				COPY_PHASE_STRIP = NO;
				DEBUG_INFORMATION_FORMAT = "dwarf-with-dsym";
				ENABLE_NS_ASSERTIONS = NO;
				ENABLE_STRICT_OBJC_MSGSEND = YES;
				GCC_C_LANGUAGE_STANDARD = gnu11;
				GCC_NO_COMMON_BLOCKS = YES;
				GCC_WARN_64_TO_32_BIT_CONVERSION = YES;
				GCC_WARN_ABOUT_RETURN_TYPE = YES_ERROR;
				GCC_WARN_UNDECLARED_SELECTOR = YES;
				GCC_WARN_UNINITIALIZED_AUTOS = YES_AGGRESSIVE;
				GCC_WARN_UNUSED_FUNCTION = YES;
				GCC_WARN_UNUSED_VARIABLE = YES;
				IPHONEOS_DEPLOYMENT_TARGET = 12.2;
				MTL_ENABLE_DEBUG_INFO = NO;
				MTL_FAST_MATH = YES;
				SDKROOT = iphoneos;
				SWIFT_COMPILATION_MODE = wholemodule;
				SWIFT_OPTIMIZATION_LEVEL = "-O";
				VALIDATE_PRODUCT = YES;
			};
			name = Release;
		};
		A4FA76D722AF3F3300FBF297 /* Debug */ = {
			isa = XCBuildConfiguration;
			buildSettings = {
				ASSETCATALOG_COMPILER_APPICON_NAME = AppIcon;
				CODE_SIGN_STYLE = Automatic;
				DEVELOPMENT_TEAM = 4U9256PL4N;
				INFOPLIST_FILE = SpaceClicker/Info.plist;
				LD_RUNPATH_SEARCH_PATHS = (
					"$(inherited)",
					"@executable_path/Frameworks",
				);
				PRODUCT_BUNDLE_IDENTIFIER = com.imacandrew.SpaceClicker;
				PRODUCT_NAME = "$(TARGET_NAME)";
				SWIFT_VERSION = 5.0;
				TARGETED_DEVICE_FAMILY = "1,2";
			};
			name = Debug;
		};
		A4FA76D822AF3F3300FBF297 /* Release */ = {
			isa = XCBuildConfiguration;
			buildSettings = {
				ASSETCATALOG_COMPILER_APPICON_NAME = AppIcon;
				CODE_SIGN_STYLE = Automatic;
				DEVELOPMENT_TEAM = 4U9256PL4N;
				INFOPLIST_FILE = SpaceClicker/Info.plist;
				LD_RUNPATH_SEARCH_PATHS = (
					"$(inherited)",
					"@executable_path/Frameworks",
				);
				PRODUCT_BUNDLE_IDENTIFIER = com.imacandrew.SpaceClicker;
				PRODUCT_NAME = "$(TARGET_NAME)";
				SWIFT_VERSION = 5.0;
				TARGETED_DEVICE_FAMILY = "1,2";
			};
			name = Release;
		};
/* End XCBuildConfiguration section */

/* Begin XCConfigurationList section */
		A4FA76B922AF3F2F00FBF297 /* Build configuration list for PBXProject "SpaceClicker" */ = {
			isa = XCConfigurationList;
			buildConfigurations = (
				A4FA76D422AF3F3300FBF297 /* Debug */,
				A4FA76D522AF3F3300FBF297 /* Release */,
			);
			defaultConfigurationIsVisible = 0;
			defaultConfigurationName = Release;
		};
		A4FA76D622AF3F3300FBF297 /* Build configuration list for PBXNativeTarget "SpaceClicker" */ = {
			isa = XCConfigurationList;
			buildConfigurations = (
				A4FA76D722AF3F3300FBF297 /* Debug */,
				A4FA76D822AF3F3300FBF297 /* Release */,
			);
			defaultConfigurationIsVisible = 0;
			defaultConfigurationName = Release;
		};
/* End XCConfigurationList section */
	};
	rootObject = A4FA76B622AF3F2F00FBF297 /* Project object */;
}
